// !$*UTF8*$!
{
	archiveVersion = 1;
	classes = {
	};
	objectVersion = 50;
	objects = {

/* Begin PBXBuildFile section */
		A76B1AC02316641C0078C6AC /* AppDelegate.swift in Sources */ = {isa = PBXBuildFile; fileRef = A76B1ABF2316641C0078C6AC /* AppDelegate.swift */; };
		A76B1AC22316641C0078C6AC /* SceneDelegate.swift in Sources */ = {isa = PBXBuildFile; fileRef = A76B1AC12316641C0078C6AC /* SceneDelegate.swift */; };
		A76B1AC42316641C0078C6AC /* ContentView.swift in Sources */ = {isa = PBXBuildFile; fileRef = A76B1AC32316641C0078C6AC /* ContentView.swift */; };
		A76B1AC62316641E0078C6AC /* Assets.xcassets in Resources */ = {isa = PBXBuildFile; fileRef = A76B1AC52316641E0078C6AC /* Assets.xcassets */; };
		A76B1AC92316641F0078C6AC /* Preview Assets.xcassets in Resources */ = {isa = PBXBuildFile; fileRef = A76B1AC82316641F0078C6AC /* Preview Assets.xcassets */; };
		A76B1ACC2316641F0078C6AC /* LaunchScreen.storyboard in Resources */ = {isa = PBXBuildFile; fileRef = A76B1ACA2316641F0078C6AC /* LaunchScreen.storyboard */; };
		A7B4A47523168B1A000B81DE /* CircleControl.swift in Sources */ = {isa = PBXBuildFile; fileRef = A7B4A47423168B1A000B81DE /* CircleControl.swift */; };
		A7B4A4772317F4B7000B81DE /* Color+Extensions.swift in Sources */ = {isa = PBXBuildFile; fileRef = A7B4A4762317F4B7000B81DE /* Color+Extensions.swift */; };
/* End PBXBuildFile section */

/* Begin PBXFileReference section */
		A76B1ABC2316641C0078C6AC /* AppleCardReplicating.app */ = {isa = PBXFileReference; explicitFileType = wrapper.application; includeInIndex = 0; path = AppleCardReplicating.app; sourceTree = BUILT_PRODUCTS_DIR; };
		A76B1ABF2316641C0078C6AC /* AppDelegate.swift */ = {isa = PBXFileReference; lastKnownFileType = sourcecode.swift; path = AppDelegate.swift; sourceTree = "<group>"; };
		A76B1AC12316641C0078C6AC /* SceneDelegate.swift */ = {isa = PBXFileReference; lastKnownFileType = sourcecode.swift; path = SceneDelegate.swift; sourceTree = "<group>"; };
		A76B1AC32316641C0078C6AC /* ContentView.swift */ = {isa = PBXFileReference; lastKnownFileType = sourcecode.swift; path = ContentView.swift; sourceTree = "<group>"; };
		A76B1AC52316641E0078C6AC /* Assets.xcassets */ = {isa = PBXFileReference; lastKnownFileType = folder.assetcatalog; path = Assets.xcassets; sourceTree = "<group>"; };
		A76B1AC82316641F0078C6AC /* Preview Assets.xcassets */ = {isa = PBXFileReference; lastKnownFileType = folder.assetcatalog; path = "Preview Assets.xcassets"; sourceTree = "<group>"; };
		A76B1ACB2316641F0078C6AC /* Base */ = {isa = PBXFileReference; lastKnownFileType = file.storyboard; name = Base; path = Base.lproj/LaunchScreen.storyboard; sourceTree = "<group>"; };
		A76B1ACD2316641F0078C6AC /* Info.plist */ = {isa = PBXFileReference; lastKnownFileType = text.plist.xml; path = Info.plist; sourceTree = "<group>"; };
		A7B4A47423168B1A000B81DE /* CircleControl.swift */ = {isa = PBXFileReference; lastKnownFileType = sourcecode.swift; path = CircleControl.swift; sourceTree = "<group>"; };
		A7B4A4762317F4B7000B81DE /* Color+Extensions.swift */ = {isa = PBXFileReference; lastKnownFileType = sourcecode.swift; path = "Color+Extensions.swift"; sourceTree = "<group>"; };
/* End PBXFileReference section */

/* Begin PBXFrameworksBuildPhase section */
		A76B1AB92316641C0078C6AC /* Frameworks */ = {
			isa = PBXFrameworksBuildPhase;
			buildActionMask = 2147483647;
			files = (
			);
			runOnlyForDeploymentPostprocessing = 0;
		};
/* End PBXFrameworksBuildPhase section */

/* Begin PBXGroup section */
		A76B1AB32316641C0078C6AC = {
			isa = PBXGroup;
			children = (
				A76B1ABE2316641C0078C6AC /* AppleCardReplicating */,
				A76B1ABD2316641C0078C6AC /* Products */,
			);
			sourceTree = "<group>";
		};
		A76B1ABD2316641C0078C6AC /* Products */ = {
			isa = PBXGroup;
			children = (
				A76B1ABC2316641C0078C6AC /* AppleCardReplicating.app */,
			);
			name = Products;
			sourceTree = "<group>";
		};
		A76B1ABE2316641C0078C6AC /* AppleCardReplicating */ = {
			isa = PBXGroup;
			children = (
				A76B1ABF2316641C0078C6AC /* AppDelegate.swift */,
				A76B1AC12316641C0078C6AC /* SceneDelegate.swift */,
				A76B1AC32316641C0078C6AC /* ContentView.swift */,
				A7B4A47423168B1A000B81DE /* CircleControl.swift */,
				A7B4A4762317F4B7000B81DE /* Color+Extensions.swift */,
				A76B1AC52316641E0078C6AC /* Assets.xcassets */,
				A76B1ACA2316641F0078C6AC /* LaunchScreen.storyboard */,
				A76B1ACD2316641F0078C6AC /* Info.plist */,
				A76B1AC72316641F0078C6AC /* Preview Content */,
			);
			path = AppleCardReplicating;
			sourceTree = "<group>";
		};
		A76B1AC72316641F0078C6AC /* Preview Content */ = {
			isa = PBXGroup;
			children = (
				A76B1AC82316641F0078C6AC /* Preview Assets.xcassets */,
			);
			path = "Preview Content";
			sourceTree = "<group>";
		};
/* End PBXGroup section */

/* Begin PBXNativeTarget section */
		A76B1ABB2316641C0078C6AC /* AppleCardReplicating */ = {
			isa = PBXNativeTarget;
			buildConfigurationList = A76B1AD02316641F0078C6AC /* Build configuration list for PBXNativeTarget "AppleCardReplicating" */;
			buildPhases = (
				A76B1AB82316641C0078C6AC /* Sources */,
				A76B1AB92316641C0078C6AC /* Frameworks */,
				A76B1ABA2316641C0078C6AC /* Resources */,
			);
			buildRules = (
			);
			dependencies = (
			);
			name = AppleCardReplicating;
			productName = AppleCardReplicating;
			productReference = A76B1ABC2316641C0078C6AC /* AppleCardReplicating.app */;
			productType = "com.apple.product-type.application";
		};
/* End PBXNativeTarget section */

/* Begin PBXProject section */
		A76B1AB42316641C0078C6AC /* Project object */ = {
			isa = PBXProject;
			attributes = {
				LastSwiftUpdateCheck = 1100;
				LastUpgradeCheck = 1100;
				ORGANIZATIONNAME = Exyte;
				TargetAttributes = {
					A76B1ABB2316641C0078C6AC = {
						CreatedOnToolsVersion = 11.0;
					};
				};
			};
			buildConfigurationList = A76B1AB72316641C0078C6AC /* Build configuration list for PBXProject "AppleCardReplicating" */;
			compatibilityVersion = "Xcode 9.3";
			developmentRegion = en;
			hasScannedForEncodings = 0;
			knownRegions = (
				en,
				Base,
			);
			mainGroup = A76B1AB32316641C0078C6AC;
			productRefGroup = A76B1ABD2316641C0078C6AC /* Products */;
			projectDirPath = "";
			projectRoot = "";
			targets = (
				A76B1ABB2316641C0078C6AC /* AppleCardReplicating */,
			);
		};
/* End PBXProject section */

/* Begin PBXResourcesBuildPhase section */
		A76B1ABA2316641C0078C6AC /* Resources */ = {
			isa = PBXResourcesBuildPhase;
			buildActionMask = 2147483647;
			files = (
				A76B1ACC2316641F0078C6AC /* LaunchScreen.storyboard in Resources */,
				A76B1AC92316641F0078C6AC /* Preview Assets.xcassets in Resources */,
				A76B1AC62316641E0078C6AC /* Assets.xcassets in Resources */,
			);
			runOnlyForDeploymentPostprocessing = 0;
		};
/* End PBXResourcesBuildPhase section */

/* Begin PBXSourcesBuildPhase section */
		A76B1AB82316641C0078C6AC /* Sources */ = {
			isa = PBXSourcesBuildPhase;
			buildActionMask = 2147483647;
			files = (
				A7B4A4772317F4B7000B81DE /* Color+Extensions.swift in Sources */,
				A76B1AC02316641C0078C6AC /* AppDelegate.swift in Sources */,
				A7B4A47523168B1A000B81DE /* CircleControl.swift in Sources */,
				A76B1AC22316641C0078C6AC /* SceneDelegate.swift in Sources */,
				A76B1AC42316641C0078C6AC /* ContentView.swift in Sources */,
			);
			runOnlyForDeploymentPostprocessing = 0;
		};
/* End PBXSourcesBuildPhase section */

/* Begin PBXVariantGroup section */
		A76B1ACA2316641F0078C6AC /* LaunchScreen.storyboard */ = {
			isa = PBXVariantGroup;
			children = (
				A76B1ACB2316641F0078C6AC /* Base */,
			);
			name = LaunchScreen.storyboard;
			sourceTree = "<group>";
		};
/* End PBXVariantGroup section */

/* Begin XCBuildConfiguration section */
		A76B1ACE2316641F0078C6AC /* Debug */ = {
			isa = XCBuildConfiguration;
			buildSettings = {
				ALWAYS_SEARCH_USER_PATHS = NO;
				CLANG_ANALYZER_NONNULL = YES;
				CLANG_ANALYZER_NUMBER_OBJECT_CONVERSION = YES_AGGRESSIVE;
				CLANG_CXX_LANGUAGE_STANDARD = "gnu++14";
				CLANG_CXX_LIBRARY = "libc++";
				CLANG_ENABLE_MODULES = YES;
				CLANG_ENABLE_OBJC_ARC = YES;
				CLANG_ENABLE_OBJC_WEAK = YES;
				CLANG_WARN_BLOCK_CAPTURE_AUTORELEASING = YES;
				CLANG_WARN_BOOL_CONVERSION = YES;
				CLANG_WARN_COMMA = YES;
				CLANG_WARN_CONSTANT_CONVERSION = YES;
				CLANG_WARN_DEPRECATED_OBJC_IMPLEMENTATIONS = YES;
				CLANG_WARN_DIRECT_OBJC_ISA_USAGE = YES_ERROR;
				CLANG_WARN_DOCUMENTATION_COMMENTS = YES;
				CLANG_WARN_EMPTY_BODY = YES;
				CLANG_WARN_ENUM_CONVERSION = YES;
				CLANG_WARN_INFINITE_RECURSION = YES;
				CLANG_WARN_INT_CONVERSION = YES;
				CLANG_WARN_NON_LITERAL_NULL_CONVERSION = YES;
				CLANG_WARN_OBJC_IMPLICIT_RETAIN_SELF = YES;
				CLANG_WARN_OBJC_LITERAL_CONVERSION = YES;
				CLANG_WARN_OBJC_ROOT_CLASS = YES_ERROR;
				CLANG_WARN_RANGE_LOOP_ANALYSIS = YES;
				CLANG_WARN_STRICT_PROTOTYPES = YES;
				CLANG_WARN_SUSPICIOUS_MOVE = YES;
				CLANG_WARN_UNGUARDED_AVAILABILITY = YES_AGGRESSIVE;
				CLANG_WARN_UNREACHABLE_CODE = YES;
				CLANG_WARN__DUPLICATE_METHOD_MATCH = YES;
				COPY_PHASE_STRIP = NO;
				DEBUG_INFORMATION_FORMAT = dwarf;
				ENABLE_STRICT_OBJC_MSGSEND = YES;
				ENABLE_TESTABILITY = YES;
				GCC_C_LANGUAGE_STANDARD = gnu11;
				GCC_DYNAMIC_NO_PIC = NO;
				GCC_NO_COMMON_BLOCKS = YES;
				GCC_OPTIMIZATION_LEVEL = 0;
				GCC_PREPROCESSOR_DEFINITIONS = (
					"DEBUG=1",
					"$(inherited)",
				);
				GCC_WARN_64_TO_32_BIT_CONVERSION = YES;
				GCC_WARN_ABOUT_RETURN_TYPE = YES_ERROR;
				GCC_WARN_UNDECLARED_SELECTOR = YES;
				GCC_WARN_UNINITIALIZED_AUTOS = YES_AGGRESSIVE;
				GCC_WARN_UNUSED_FUNCTION = YES;
				GCC_WARN_UNUSED_VARIABLE = YES;
				IPHONEOS_DEPLOYMENT_TARGET = 13.0;
				MTL_ENABLE_DEBUG_INFO = INCLUDE_SOURCE;
				MTL_FAST_MATH = YES;
				ONLY_ACTIVE_ARCH = YES;
				SDKROOT = iphoneos;
				SWIFT_ACTIVE_COMPILATION_CONDITIONS = DEBUG;
				SWIFT_OPTIMIZATION_LEVEL = "-Onone";
			};
			name = Debug;
		};
		A76B1ACF2316641F0078C6AC /* Release */ = {
			isa = XCBuildConfiguration;
			buildSettings = {
				ALWAYS_SEARCH_USER_PATHS = NO;
				CLANG_ANALYZER_NONNULL = YES;
				CLANG_ANALYZER_NUMBER_OBJECT_CONVERSION = YES_AGGRESSIVE;
				CLANG_CXX_LANGUAGE_STANDARD = "gnu++14";
				CLANG_CXX_LIBRARY = "libc++";
				CLANG_ENABLE_MODULES = YES;
				CLANG_ENABLE_OBJC_ARC = YES;
				CLANG_ENABLE_OBJC_WEAK = YES;
				CLANG_WARN_BLOCK_CAPTURE_AUTORELEASING = YES;
				CLANG_WARN_BOOL_CONVERSION = YES;
				CLANG_WARN_COMMA = YES;
				CLANG_WARN_CONSTANT_CONVERSION = YES;
				CLANG_WARN_DEPRECATED_OBJC_IMPLEMENTATIONS = YES;
				CLANG_WARN_DIRECT_OBJC_ISA_USAGE = YES_ERROR;
				CLANG_WARN_DOCUMENTATION_COMMENTS = YES;
				CLANG_WARN_EMPTY_BODY = YES;
				CLANG_WARN_ENUM_CONVERSION = YES;
				CLANG_WARN_INFINITE_RECURSION = YES;
				CLANG_WARN_INT_CONVERSION = YES;
				CLANG_WARN_NON_LITERAL_NULL_CONVERSION = YES;
				CLANG_WARN_OBJC_IMPLICIT_RETAIN_SELF = YES;
				CLANG_WARN_OBJC_LITERAL_CONVERSION = YES;
				CLANG_WARN_OBJC_ROOT_CLASS = YES_ERROR;
				CLANG_WARN_RANGE_LOOP_ANALYSIS = YES;
				CLANG_WARN_STRICT_PROTOTYPES = YES;
				CLANG_WARN_SUSPICIOUS_MOVE = YES;
				CLANG_WARN_UNGUARDED_AVAILABILITY = YES_AGGRESSIVE;
				CLANG_WARN_UNREACHABLE_CODE = YES;
				CLANG_WARN__DUPLICATE_METHOD_MATCH = YES;
				COPY_PHASE_STRIP = NO;
				DEBUG_INFORMATION_FORMAT = "dwarf-with-dsym";
				ENABLE_NS_ASSERTIONS = NO;
				ENABLE_STRICT_OBJC_MSGSEND = YES;
				GCC_C_LANGUAGE_STANDARD = gnu11;
				GCC_NO_COMMON_BLOCKS = YES;
				GCC_WARN_64_TO_32_BIT_CONVERSION = YES;
				GCC_WARN_ABOUT_RETURN_TYPE = YES_ERROR;
				GCC_WARN_UNDECLARED_SELECTOR = YES;
				GCC_WARN_UNINITIALIZED_AUTOS = YES_AGGRESSIVE;
				GCC_WARN_UNUSED_FUNCTION = YES;
				GCC_WARN_UNUSED_VARIABLE = YES;
				IPHONEOS_DEPLOYMENT_TARGET = 13.0;
				MTL_ENABLE_DEBUG_INFO = NO;
				MTL_FAST_MATH = YES;
				SDKROOT = iphoneos;
				SWIFT_COMPILATION_MODE = wholemodule;
				SWIFT_OPTIMIZATION_LEVEL = "-O";
				VALIDATE_PRODUCT = YES;
			};
			name = Release;
		};
		A76B1AD12316641F0078C6AC /* Debug */ = {
			isa = XCBuildConfiguration;
			buildSettings = {
				ASSETCATALOG_COMPILER_APPICON_NAME = AppIcon;
				CODE_SIGN_STYLE = Automatic;
				DEVELOPMENT_ASSET_PATHS = "\"AppleCardReplicating/Preview Content\"";
				DEVELOPMENT_TEAM = FZXCM5CJ7P;
				ENABLE_PREVIEWS = YES;
				INFOPLIST_FILE = AppleCardReplicating/Info.plist;
				LD_RUNPATH_SEARCH_PATHS = (
					"$(inherited)",
					"@executable_path/Frameworks",
				);
				PRODUCT_BUNDLE_IDENTIFIER = exyte.AppleCardReplicating;
				PRODUCT_NAME = "$(TARGET_NAME)";
				SWIFT_VERSION = 5.0;
				TARGETED_DEVICE_FAMILY = "1,2";
			};
			name = Debug;
		};
		A76B1AD22316641F0078C6AC /* Release */ = {
			isa = XCBuildConfiguration;
			buildSettings = {
				ASSETCATALOG_COMPILER_APPICON_NAME = AppIcon;
				CODE_SIGN_STYLE = Automatic;
				DEVELOPMENT_ASSET_PATHS = "\"AppleCardReplicating/Preview Content\"";
				DEVELOPMENT_TEAM = FZXCM5CJ7P;
				ENABLE_PREVIEWS = YES;
				INFOPLIST_FILE = AppleCardReplicating/Info.plist;
				LD_RUNPATH_SEARCH_PATHS = (
					"$(inherited)",
					"@executable_path/Frameworks",
				);
				PRODUCT_BUNDLE_IDENTIFIER = exyte.AppleCardReplicating;
				PRODUCT_NAME = "$(TARGET_NAME)";
				SWIFT_VERSION = 5.0;
				TARGETED_DEVICE_FAMILY = "1,2";
			};
			name = Release;
		};
/* End XCBuildConfiguration section */

/* Begin XCConfigurationList section */
		A76B1AB72316641C0078C6AC /* Build configuration list for PBXProject "AppleCardReplicating" */ = {
			isa = XCConfigurationList;
			buildConfigurations = (
				A76B1ACE2316641F0078C6AC /* Debug */,
				A76B1ACF2316641F0078C6AC /* Release */,
			);
			defaultConfigurationIsVisible = 0;
			defaultConfigurationName = Release;
		};
		A76B1AD02316641F0078C6AC /* Build configuration list for PBXNativeTarget "AppleCardReplicating" */ = {
			isa = XCConfigurationList;
			buildConfigurations = (
				A76B1AD12316641F0078C6AC /* Debug */,
				A76B1AD22316641F0078C6AC /* Release */,
			);
			defaultConfigurationIsVisible = 0;
			defaultConfigurationName = Release;
		};
/* End XCConfigurationList section */
	};
	rootObject = A76B1AB42316641C0078C6AC /* Project object */;
}
